<?xml version="1.0"?>
<Project ToolsVersion="4.0" xmlns="http://schemas.microsoft.com/developer/msbuild/2003">
	<ItemGroup>
		<ClCompile Include="src\ofApp.cpp">
			<Filter>src</Filter>
		</ClCompile>
		<ClCompile Include="src\main.cpp">
			<Filter>src</Filter>
		</ClCompile>
		<ClCompile Include="..\..\..\..\..\addons\ofxFlowTools\src\core\fluid\ftFluidFlow.cpp">
			<Filter>addons\ofxFlowTools\src\core\fluid</Filter>
		</ClCompile>
		<ClCompile Include="..\..\..\..\..\addons\ofxFlowTools\src\core\ftFlow.cpp">
			<Filter>addons\ofxFlowTools\src\core</Filter>
		</ClCompile>
		<ClCompile Include="..\..\..\..\..\addons\ofxFlowTools\src\core\ftUtil.cpp">
			<Filter>addons\ofxFlowTools\src\core</Filter>
		</ClCompile>
		<ClCompile Include="..\..\..\..\..\addons\ofxFlowTools\src\extensions\average\ftAverageFlow.cpp">
			<Filter>addons\ofxFlowTools\src\extensions\average</Filter>
		</ClCompile>
		<ClCompile Include="..\..\..\..\..\addons\ofxFlowTools\src\extensions\average\ftAverageFlowWatcher.cpp">
			<Filter>addons\ofxFlowTools\src\extensions\average</Filter>
		</ClCompile>
		<ClCompile Include="..\..\..\..\..\addons\ofxFlowTools\src\extensions\mouse\ftMouseFlow.cpp">
			<Filter>addons\ofxFlowTools\src\extensions\mouse</Filter>
		</ClCompile>
		<ClCompile Include="..\..\..\..\..\addons\ofxFlowTools\src\extensions\particles\ftParticleFlow.cpp">
			<Filter>addons\ofxFlowTools\src\extensions\particles</Filter>
		</ClCompile>
		<ClCompile Include="..\..\..\..\..\addons\ofxGui\src\ofxBaseGui.cpp">
			<Filter>addons\ofxGui\src</Filter>
		</ClCompile>
		<ClCompile Include="..\..\..\..\..\addons\ofxGui\src\ofxButton.cpp">
			<Filter>addons\ofxGui\src</Filter>
		</ClCompile>
		<ClCompile Include="..\..\..\..\..\addons\ofxGui\src\ofxColorPicker.cpp">
			<Filter>addons\ofxGui\src</Filter>
		</ClCompile>
		<ClCompile Include="..\..\..\..\..\addons\ofxGui\src\ofxGuiGroup.cpp">
			<Filter>addons\ofxGui\src</Filter>
		</ClCompile>
		<ClCompile Include="..\..\..\..\..\addons\ofxGui\src\ofxInputField.cpp">
			<Filter>addons\ofxGui\src</Filter>
		</ClCompile>
		<ClCompile Include="..\..\..\..\..\addons\ofxGui\src\ofxLabel.cpp">
			<Filter>addons\ofxGui\src</Filter>
		</ClCompile>
		<ClCompile Include="..\..\..\..\..\addons\ofxGui\src\ofxPanel.cpp">
			<Filter>addons\ofxGui\src</Filter>
		</ClCompile>
		<ClCompile Include="..\..\..\..\..\addons\ofxGui\src\ofxSlider.cpp">
			<Filter>addons\ofxGui\src</Filter>
		</ClCompile>
		<ClCompile Include="..\..\..\..\..\addons\ofxGui\src\ofxSliderGroup.cpp">
			<Filter>addons\ofxGui\src</Filter>
		</ClCompile>
		<ClCompile Include="..\..\..\..\..\addons\ofxGui\src\ofxToggle.cpp">
			<Filter>addons\ofxGui\src</Filter>
		</ClCompile>
		<ClCompile Include="..\..\..\..\..\addons\ofxOsc\src\ofxOscBundle.cpp">
			<Filter>addons\ofxOsc\src</Filter>
		</ClCompile>
		<ClCompile Include="..\..\..\..\..\addons\ofxOsc\src\ofxOscMessage.cpp">
			<Filter>addons\ofxOsc\src</Filter>
		</ClCompile>
		<ClCompile Include="..\..\..\..\..\addons\ofxOsc\src\ofxOscParameterSync.cpp">
			<Filter>addons\ofxOsc\src</Filter>
		</ClCompile>
		<ClCompile Include="..\..\..\..\..\addons\ofxOsc\src\ofxOscReceiver.cpp">
			<Filter>addons\ofxOsc\src</Filter>
		</ClCompile>
		<ClCompile Include="..\..\..\..\..\addons\ofxOsc\src\ofxOscSender.cpp">
			<Filter>addons\ofxOsc\src</Filter>
		</ClCompile>
		<ClCompile Include="..\..\..\..\..\addons\ofxOsc\libs\oscpack\src\ip\IpEndpointName.cpp">
			<Filter>addons\ofxOsc\libs\oscpack\src\ip</Filter>
		</ClCompile>
		<ClCompile Include="..\..\..\..\..\addons\ofxOsc\libs\oscpack\src\ip\win32\NetworkingUtils.cpp">
			<Filter>addons\ofxOsc\libs\oscpack\src\ip\win32</Filter>
		</ClCompile>
		<ClCompile Include="..\..\..\..\..\addons\ofxOsc\libs\oscpack\src\ip\win32\UdpSocket.cpp">
			<Filter>addons\ofxOsc\libs\oscpack\src\ip\win32</Filter>
		</ClCompile>
		<ClCompile Include="..\..\..\..\..\addons\ofxOsc\libs\oscpack\src\osc\OscOutboundPacketStream.cpp">
			<Filter>addons\ofxOsc\libs\oscpack\src\osc</Filter>
		</ClCompile>
		<ClCompile Include="..\..\..\..\..\addons\ofxOsc\libs\oscpack\src\osc\OscPrintReceivedElements.cpp">
			<Filter>addons\ofxOsc\libs\oscpack\src\osc</Filter>
		</ClCompile>
		<ClCompile Include="..\..\..\..\..\addons\ofxOsc\libs\oscpack\src\osc\OscReceivedElements.cpp">
			<Filter>addons\ofxOsc\libs\oscpack\src\osc</Filter>
		</ClCompile>
		<ClCompile Include="..\..\..\..\..\addons\ofxOsc\libs\oscpack\src\osc\OscTypes.cpp">
			<Filter>addons\ofxOsc\libs\oscpack\src\osc</Filter>
		</ClCompile>
	</ItemGroup>
	<ItemGroup>
		<Filter Include="src">
			<UniqueIdentifier>{d8376475-7454-4a24-b08a-aac121d3ad6f}</UniqueIdentifier>
		</Filter>
		<Filter Include="addons">
			<UniqueIdentifier>{2FCAD7AC--370-9-40-CA-A-BCD-E687D1A7EE40}</UniqueIdentifier>
		</Filter>
		<Filter Include="addons\ofxFlowTools">
			<UniqueIdentifier>{68EB45A5--3C5-E-47-CD-9-CF1-B5FCFB54BF56}</UniqueIdentifier>
		</Filter>
		<Filter Include="addons\ofxFlowTools\src">
			<UniqueIdentifier>{38FFAFD4--60B-F-4C-F0-9-E75-8A1C0DF4914E}</UniqueIdentifier>
		</Filter>
		<Filter Include="addons\ofxFlowTools\src\core">
			<UniqueIdentifier>{7917859C--D90-C-4A-9F-9-3D3-435E6BEEED42}</UniqueIdentifier>
		</Filter>
		<Filter Include="addons\ofxFlowTools\src\core\bridge">
			<UniqueIdentifier>{FD4D63FB--8FA-F-47-1D-A-09B-0499F57B9C4E}</UniqueIdentifier>
		</Filter>
		<Filter Include="addons\ofxFlowTools\src\core\bridge\shaders">
			<UniqueIdentifier>{0CA753FD--AE0-A-49-3C-9-254-1C9EF49A8384}</UniqueIdentifier>
		</Filter>
		<Filter Include="addons\ofxFlowTools\src\core\fluid">
			<UniqueIdentifier>{75499A0F--FBF-0-49-2C-B-3EF-3383509884A3}</UniqueIdentifier>
		</Filter>
		<Filter Include="addons\ofxFlowTools\src\core\fluid\shaders">
			<UniqueIdentifier>{B62039DF--112-3-4A-E4-B-B4A-E20777814BD9}</UniqueIdentifier>
		</Filter>
		<Filter Include="addons\ofxFlowTools\src\core\opticalflow">
			<UniqueIdentifier>{E1404E3D--DEB-E-4A-52-9-852-6E69B0677C1D}</UniqueIdentifier>
		</Filter>
		<Filter Include="addons\ofxFlowTools\src\core\shaders">
			<UniqueIdentifier>{E6BD989D--31C-7-42-81-B-C14-DBB505F0922D}</UniqueIdentifier>
		</Filter>
		<Filter Include="addons\ofxFlowTools\src\core\shaders\blend">
			<UniqueIdentifier>{A4A1A1EF--ED5-8-47-B4-9-266-EDE1EF3A1F5E}</UniqueIdentifier>
		</Filter>
		<Filter Include="addons\ofxFlowTools\src\core\shaders\blur">
			<UniqueIdentifier>{B6E3DE2D--5B0-E-4C-84-A-225-42D38923EB68}</UniqueIdentifier>
		</Filter>
		<Filter Include="addons\ofxFlowTools\src\core\shaders\color">
			<UniqueIdentifier>{B8DA932B--099-9-47-DE-8-3B9-BF2F9AD0952F}</UniqueIdentifier>
		</Filter>
		<Filter Include="addons\ofxFlowTools\src\core\shaders\velocity">
			<UniqueIdentifier>{0F6D7D67--E4F-4-4D-38-A-6CF-A81B6C3266CF}</UniqueIdentifier>
		</Filter>
		<Filter Include="addons\ofxFlowTools\src\core\visualization">
			<UniqueIdentifier>{81338ADD--25E-4-4C-09-9-3CB-634E8BA8A44D}</UniqueIdentifier>
		</Filter>
		<Filter Include="addons\ofxFlowTools\src\core\visualization\shaders">
			<UniqueIdentifier>{474F8117--4D6-D-4E-71-8-749-5F856EBC689B}</UniqueIdentifier>
		</Filter>
		<Filter Include="addons\ofxFlowTools\src\extensions">
			<UniqueIdentifier>{DB817466--0B7-2-46-D4-A-34C-0AAB4E5420D0}</UniqueIdentifier>
		</Filter>
		<Filter Include="addons\ofxFlowTools\src\extensions\average">
			<UniqueIdentifier>{828AF197--3A5-1-4B-0F-B-41F-EE906ECCADD0}</UniqueIdentifier>
		</Filter>
		<Filter Include="addons\ofxFlowTools\src\extensions\mouse">
			<UniqueIdentifier>{C9D6EA9B--E0E-8-40-F4-B-4B4-21189A32591C}</UniqueIdentifier>
		</Filter>
		<Filter Include="addons\ofxFlowTools\src\extensions\particles">
			<UniqueIdentifier>{52DA7098--282-3-47-08-8-E13-5713A38B00F3}</UniqueIdentifier>
		</Filter>
		<Filter Include="addons\ofxFlowTools\src\extensions\shaders">
			<UniqueIdentifier>{4EBDBABE--A37-A-49-B3-9-A3A-F1C5CFDE0C07}</UniqueIdentifier>
		</Filter>
		<Filter Include="addons\ofxFlowTools\src\extensions\splitvelocity">
			<UniqueIdentifier>{50750496--09D-6-4E-72-9-8AE-0B74BF8DFBCB}</UniqueIdentifier>
		</Filter>
		<Filter Include="addons\ofxGui">
			<UniqueIdentifier>{339E6454--A02-2-4D-AB-B-518-C8059D2B0557}</UniqueIdentifier>
		</Filter>
		<Filter Include="addons\ofxGui\src">
			<UniqueIdentifier>{B0AB0AEC--CC4-0-4E-35-A-8A0-83DB126919BC}</UniqueIdentifier>
		</Filter>
		<Filter Include="addons\ofxOsc">
			<UniqueIdentifier>{359D6DF9--9CC-3-44-A7-B-60D-656871108A16}</UniqueIdentifier>
		</Filter>
		<Filter Include="addons\ofxOsc\src">
			<UniqueIdentifier>{DFC6BAC6--316-8-40-47-B-B4A-505AE1989E76}</UniqueIdentifier>
		</Filter>
		<Filter Include="addons\ofxOsc\libs">
			<UniqueIdentifier>{6ED1F9E5--7D3-6-40-56-9-C80-F60410AD3409}</UniqueIdentifier>
		</Filter>
		<Filter Include="addons\ofxOsc\libs\oscpack">
			<UniqueIdentifier>{E6DD4B21--C66-E-41-9B-8-73F-44584181A8B9}</UniqueIdentifier>
		</Filter>
		<Filter Include="addons\ofxOsc\libs\oscpack\src">
			<UniqueIdentifier>{9444F987--B00-F-4F-26-A-8F7-9C4784601045}</UniqueIdentifier>
		</Filter>
		<Filter Include="addons\ofxOsc\libs\oscpack\src\ip">
			<UniqueIdentifier>{4C55E8FA--912-1-4A-0D-B-7C3-51DAE81CFD2A}</UniqueIdentifier>
		</Filter>
		<Filter Include="addons\ofxOsc\libs\oscpack\src\ip\win32">
			<UniqueIdentifier>{58DFEA6B--E83-1-46-7F-8-8AE-B0B14EC03832}</UniqueIdentifier>
		</Filter>
		<Filter Include="addons\ofxOsc\libs\oscpack\src\osc">
			<UniqueIdentifier>{BAF69F0F--F50-3-43-D1-B-3F9-981D8E411BAC}</UniqueIdentifier>
		</Filter>
	</ItemGroup>
	<ItemGroup>
		<ClInclude Include="src\ofApp.h">
			<Filter>src</Filter>
		</ClInclude>
		<ClInclude Include="src\TableGeometry.h">
			<Filter>src</Filter>
		</ClInclude>
		<ClInclude Include="..\..\..\..\..\addons\ofxFlowTools\src\core\bridge\ftBridgeFlow.h">
			<Filter>addons\ofxFlowTools\src\core\bridge</Filter>
		</ClInclude>
		<ClInclude Include="..\..\..\..\..\addons\ofxFlowTools\src\core\bridge\ftCombinedBridgeFlow.h">
			<Filter>addons\ofxFlowTools\src\core\bridge</Filter>
		</ClInclude>
		<ClInclude Include="..\..\..\..\..\addons\ofxFlowTools\src\core\bridge\ftDensityBridgeFlow.h">
			<Filter>addons\ofxFlowTools\src\core\bridge</Filter>
		</ClInclude>
		<ClInclude Include="..\..\..\..\..\addons\ofxFlowTools\src\core\bridge\ftTemperatureBridgeFlow.h">
			<Filter>addons\ofxFlowTools\src\core\bridge</Filter>
		</ClInclude>
		<ClInclude Include="..\..\..\..\..\addons\ofxFlowTools\src\core\bridge\ftVelocityBridgeFlow.h">
			<Filter>addons\ofxFlowTools\src\core\bridge</Filter>
		</ClInclude>
		<ClInclude Include="..\..\..\..\..\addons\ofxFlowTools\src\core\bridge\shaders\ftBridgeShader.h">
			<Filter>addons\ofxFlowTools\src\core\bridge\shaders</Filter>
		</ClInclude>
		<ClInclude Include="..\..\..\..\..\addons\ofxFlowTools\src\core\bridge\shaders\ftDensityBridgeShader.h">
			<Filter>addons\ofxFlowTools\src\core\bridge\shaders</Filter>
		</ClInclude>
		<ClInclude Include="..\..\..\..\..\addons\ofxFlowTools\src\core\bridge\shaders\ftTemperatureBridgeShader.h">
			<Filter>addons\ofxFlowTools\src\core\bridge\shaders</Filter>
		</ClInclude>
		<ClInclude Include="..\..\..\..\..\addons\ofxFlowTools\src\core\fluid\ftFluidFlow.h">
			<Filter>addons\ofxFlowTools\src\core\fluid</Filter>
		</ClInclude>
		<ClInclude Include="..\..\..\..\..\addons\ofxFlowTools\src\core\fluid\shaders\ftAdvectShader.h">
			<Filter>addons\ofxFlowTools\src\core\fluid\shaders</Filter>
		</ClInclude>
		<ClInclude Include="..\..\..\..\..\addons\ofxFlowTools\src\core\fluid\shaders\ftBuoyancyShader.h">
			<Filter>addons\ofxFlowTools\src\core\fluid\shaders</Filter>
		</ClInclude>
		<ClInclude Include="..\..\..\..\..\addons\ofxFlowTools\src\core\fluid\shaders\ftDiffuseShader.h">
			<Filter>addons\ofxFlowTools\src\core\fluid\shaders</Filter>
		</ClInclude>
		<ClInclude Include="..\..\..\..\..\addons\ofxFlowTools\src\core\fluid\shaders\ftDivergenceShader.h">
			<Filter>addons\ofxFlowTools\src\core\fluid\shaders</Filter>
		</ClInclude>
		<ClInclude Include="..\..\..\..\..\addons\ofxFlowTools\src\core\fluid\shaders\ftGradientShader.h">
			<Filter>addons\ofxFlowTools\src\core\fluid\shaders</Filter>
		</ClInclude>
		<ClInclude Include="..\..\..\..\..\addons\ofxFlowTools\src\core\fluid\shaders\ftJacobiDiffusionShader.h">
			<Filter>addons\ofxFlowTools\src\core\fluid\shaders</Filter>
		</ClInclude>
		<ClInclude Include="..\..\..\..\..\addons\ofxFlowTools\src\core\fluid\shaders\ftJacobiPressureShader.h">
			<Filter>addons\ofxFlowTools\src\core\fluid\shaders</Filter>
		</ClInclude>
		<ClInclude Include="..\..\..\..\..\addons\ofxFlowTools\src\core\fluid\shaders\ftObstacleOffsetShader.h">
			<Filter>addons\ofxFlowTools\src\core\fluid\shaders</Filter>
		</ClInclude>
		<ClInclude Include="..\..\..\..\..\addons\ofxFlowTools\src\core\fluid\shaders\ftVorticityCurlShader.h">
			<Filter>addons\ofxFlowTools\src\core\fluid\shaders</Filter>
		</ClInclude>
		<ClInclude Include="..\..\..\..\..\addons\ofxFlowTools\src\core\fluid\shaders\ftVorticityForceShader.h">
			<Filter>addons\ofxFlowTools\src\core\fluid\shaders</Filter>
		</ClInclude>
		<ClInclude Include="..\..\..\..\..\addons\ofxFlowTools\src\core\ftFlow.h">
			<Filter>addons\ofxFlowTools\src\core</Filter>
		</ClInclude>
		<ClInclude Include="..\..\..\..\..\addons\ofxFlowTools\src\core\ftPingPongFbo.h">
			<Filter>addons\ofxFlowTools\src\core</Filter>
		</ClInclude>
		<ClInclude Include="..\..\..\..\..\addons\ofxFlowTools\src\core\ftShader.h">
			<Filter>addons\ofxFlowTools\src\core</Filter>
		</ClInclude>
		<ClInclude Include="..\..\..\..\..\addons\ofxFlowTools\src\core\ftUtil.h">
			<Filter>addons\ofxFlowTools\src\core</Filter>
		</ClInclude>
		<ClInclude Include="..\..\..\..\..\addons\ofxFlowTools\src\core\opticalflow\ftOpticalFlow.h">
			<Filter>addons\ofxFlowTools\src\core\opticalflow</Filter>
		</ClInclude>
		<ClInclude Include="..\..\..\..\..\addons\ofxFlowTools\src\core\opticalflow\ftOpticalFlowShader.h">
			<Filter>addons\ofxFlowTools\src\core\opticalflow</Filter>
		</ClInclude>
		<ClInclude Include="..\..\..\..\..\addons\ofxFlowTools\src\core\shaders\blend\ftAddBooleanShader.h">
			<Filter>addons\ofxFlowTools\src\core\shaders\blend</Filter>
		</ClInclude>
		<ClInclude Include="..\..\..\..\..\addons\ofxFlowTools\src\core\shaders\blend\ftAddMultipliedShader.h">
			<Filter>addons\ofxFlowTools\src\core\shaders\blend</Filter>
		</ClInclude>
		<ClInclude Include="..\..\..\..\..\addons\ofxFlowTools\src\core\shaders\blend\ftAddWeightedShader.h">
			<Filter>addons\ofxFlowTools\src\core\shaders\blend</Filter>
		</ClInclude>
		<ClInclude Include="..\..\..\..\..\addons\ofxFlowTools\src\core\shaders\blur\ftGaussianBlurShader.h">
			<Filter>addons\ofxFlowTools\src\core\shaders\blur</Filter>
		</ClInclude>
		<ClInclude Include="..\..\..\..\..\addons\ofxFlowTools\src\core\shaders\blur\ftTrailShader.h">
			<Filter>addons\ofxFlowTools\src\core\shaders\blur</Filter>
		</ClInclude>
		<ClInclude Include="..\..\..\..\..\addons\ofxFlowTools\src\core\shaders\color\ftBCShader.h">
			<Filter>addons\ofxFlowTools\src\core\shaders\color</Filter>
		</ClInclude>
		<ClInclude Include="..\..\..\..\..\addons\ofxFlowTools\src\core\shaders\color\ftDarkenShader.h">
			<Filter>addons\ofxFlowTools\src\core\shaders\color</Filter>
		</ClInclude>
		<ClInclude Include="..\..\..\..\..\addons\ofxFlowTools\src\core\shaders\color\ftEOGShader.h">
			<Filter>addons\ofxFlowTools\src\core\shaders\color</Filter>
		</ClInclude>
		<ClInclude Include="..\..\..\..\..\addons\ofxFlowTools\src\core\shaders\color\ftHSLShader.h">
			<Filter>addons\ofxFlowTools\src\core\shaders\color</Filter>
		</ClInclude>
		<ClInclude Include="..\..\..\..\..\addons\ofxFlowTools\src\core\shaders\color\ftHSVShader.h">
			<Filter>addons\ofxFlowTools\src\core\shaders\color</Filter>
		</ClInclude>
		<ClInclude Include="..\..\..\..\..\addons\ofxFlowTools\src\core\shaders\color\ftMonoShader.h">
			<Filter>addons\ofxFlowTools\src\core\shaders\color</Filter>
		</ClInclude>
		<ClInclude Include="..\..\..\..\..\addons\ofxFlowTools\src\core\shaders\color\ftRed2LuminanceShader.h">
			<Filter>addons\ofxFlowTools\src\core\shaders\color</Filter>
		</ClInclude>
		<ClInclude Include="..\..\..\..\..\addons\ofxFlowTools\src\core\shaders\color\ftRGB2LuminanceShader.h">
			<Filter>addons\ofxFlowTools\src\core\shaders\color</Filter>
		</ClInclude>
		<ClInclude Include="..\..\..\..\..\addons\ofxFlowTools\src\core\shaders\velocity\ftClampLengthShader.h">
			<Filter>addons\ofxFlowTools\src\core\shaders\velocity</Filter>
		</ClInclude>
		<ClInclude Include="..\..\..\..\..\addons\ofxFlowTools\src\core\shaders\velocity\ftMultiplyForceShader.h">
			<Filter>addons\ofxFlowTools\src\core\shaders\velocity</Filter>
		</ClInclude>
		<ClInclude Include="..\..\..\..\..\addons\ofxFlowTools\src\core\visualization\ftVisualization.h">
			<Filter>addons\ofxFlowTools\src\core\visualization</Filter>
		</ClInclude>
		<ClInclude Include="..\..\..\..\..\addons\ofxFlowTools\src\core\visualization\ftVisualizationField.h">
			<Filter>addons\ofxFlowTools\src\core\visualization</Filter>
		</ClInclude>
		<ClInclude Include="..\..\..\..\..\addons\ofxFlowTools\src\core\visualization\ftVisualizationPressureField.h">
			<Filter>addons\ofxFlowTools\src\core\visualization</Filter>
		</ClInclude>
		<ClInclude Include="..\..\..\..\..\addons\ofxFlowTools\src\core\visualization\ftVisualizationTemperatureField.h">
			<Filter>addons\ofxFlowTools\src\core\visualization</Filter>
		</ClInclude>
		<ClInclude Include="..\..\..\..\..\addons\ofxFlowTools\src\core\visualization\ftVisualizationVelocityDots.h">
			<Filter>addons\ofxFlowTools\src\core\visualization</Filter>
		</ClInclude>
		<ClInclude Include="..\..\..\..\..\addons\ofxFlowTools\src\core\visualization\ftVisualizationVelocityField.h">
			<Filter>addons\ofxFlowTools\src\core\visualization</Filter>
		</ClInclude>
		<ClInclude Include="..\..\..\..\..\addons\ofxFlowTools\src\core\visualization\shaders\ftPressureFieldShader.h">
			<Filter>addons\ofxFlowTools\src\core\visualization\shaders</Filter>
		</ClInclude>
		<ClInclude Include="..\..\..\..\..\addons\ofxFlowTools\src\core\visualization\shaders\ftTemperatureFieldShader.h">
			<Filter>addons\ofxFlowTools\src\core\visualization\shaders</Filter>
		</ClInclude>
		<ClInclude Include="..\..\..\..\..\addons\ofxFlowTools\src\core\visualization\shaders\ftToScalarShader.h">
			<Filter>addons\ofxFlowTools\src\core\visualization\shaders</Filter>
		</ClInclude>
		<ClInclude Include="..\..\..\..\..\addons\ofxFlowTools\src\core\visualization\shaders\ftVelocityDotsShader.h">
			<Filter>addons\ofxFlowTools\src\core\visualization\shaders</Filter>
		</ClInclude>
		<ClInclude Include="..\..\..\..\..\addons\ofxFlowTools\src\core\visualization\shaders\ftVelocityFieldShader.h">
			<Filter>addons\ofxFlowTools\src\core\visualization\shaders</Filter>
		</ClInclude>
		<ClInclude Include="..\..\..\..\..\addons\ofxFlowTools\src\core\visualization\shaders\ftVTFieldShader.h">
			<Filter>addons\ofxFlowTools\src\core\visualization\shaders</Filter>
		</ClInclude>
		<ClInclude Include="..\..\..\..\..\addons\ofxFlowTools\src\extensions\average\ftAverageFlow.h">
			<Filter>addons\ofxFlowTools\src\extensions\average</Filter>
		</ClInclude>
		<ClInclude Include="..\..\..\..\..\addons\ofxFlowTools\src\extensions\average\ftAverageFlowWatcher.h">
			<Filter>addons\ofxFlowTools\src\extensions\average</Filter>
		</ClInclude>
		<ClInclude Include="..\..\..\..\..\addons\ofxFlowTools\src\extensions\average\ftPixelFlow.h">
			<Filter>addons\ofxFlowTools\src\extensions\average</Filter>
		</ClInclude>
		<ClInclude Include="..\..\..\..\..\addons\ofxFlowTools\src\extensions\mouse\ftMouseFlow.h">
			<Filter>addons\ofxFlowTools\src\extensions\mouse</Filter>
		</ClInclude>
		<ClInclude Include="..\..\..\..\..\addons\ofxFlowTools\src\extensions\mouse\ftMouseShader.h">
			<Filter>addons\ofxFlowTools\src\extensions\mouse</Filter>
		</ClInclude>
		<ClInclude Include="..\..\..\..\..\addons\ofxFlowTools\src\extensions\particles\ftAgeLifespanMassSizeParticleShader.h">
			<Filter>addons\ofxFlowTools\src\extensions\particles</Filter>
		</ClInclude>
		<ClInclude Include="..\..\..\..\..\addons\ofxFlowTools\src\extensions\particles\ftDrawParticleShader.h">
			<Filter>addons\ofxFlowTools\src\extensions\particles</Filter>
		</ClInclude>
		<ClInclude Include="..\..\..\..\..\addons\ofxFlowTools\src\extensions\particles\ftInitPositionShader.h">
			<Filter>addons\ofxFlowTools\src\extensions\particles</Filter>
		</ClInclude>
		<ClInclude Include="..\..\..\..\..\addons\ofxFlowTools\src\extensions\particles\ftMoveParticleShader.h">
			<Filter>addons\ofxFlowTools\src\extensions\particles</Filter>
		</ClInclude>
		<ClInclude Include="..\..\..\..\..\addons\ofxFlowTools\src\extensions\particles\ftParticleFlow.h">
			<Filter>addons\ofxFlowTools\src\extensions\particles</Filter>
		</ClInclude>
		<ClInclude Include="..\..\..\..\..\addons\ofxFlowTools\src\extensions\shaders\ftColorizeGradientShader.h">
			<Filter>addons\ofxFlowTools\src\extensions\shaders</Filter>
		</ClInclude>
		<ClInclude Include="..\..\..\..\..\addons\ofxFlowTools\src\extensions\shaders\ftColorizeLuminanceShader.h">
			<Filter>addons\ofxFlowTools\src\extensions\shaders</Filter>
		</ClInclude>
		<ClInclude Include="..\..\..\..\..\addons\ofxFlowTools\src\extensions\shaders\ftColorizeVelocityShader.h">
			<Filter>addons\ofxFlowTools\src\extensions\shaders</Filter>
		</ClInclude>
		<ClInclude Include="..\..\..\..\..\addons\ofxFlowTools\src\extensions\shaders\ftDecayShader.h">
			<Filter>addons\ofxFlowTools\src\extensions\shaders</Filter>
		</ClInclude>
		<ClInclude Include="..\..\..\..\..\addons\ofxFlowTools\src\extensions\shaders\ftDilateShader.h">
			<Filter>addons\ofxFlowTools\src\extensions\shaders</Filter>
		</ClInclude>
		<ClInclude Include="..\..\..\..\..\addons\ofxFlowTools\src\extensions\shaders\ftEaseShader.h">
			<Filter>addons\ofxFlowTools\src\extensions\shaders</Filter>
		</ClInclude>
		<ClInclude Include="..\..\..\..\..\addons\ofxFlowTools\src\extensions\shaders\ftErodeShader.h">
			<Filter>addons\ofxFlowTools\src\extensions\shaders</Filter>
		</ClInclude>
		<ClInclude Include="..\..\..\..\..\addons\ofxFlowTools\src\extensions\shaders\ftInverseWarpShader.h">
			<Filter>addons\ofxFlowTools\src\extensions\shaders</Filter>
		</ClInclude>
		<ClInclude Include="..\..\..\..\..\addons\ofxFlowTools\src\extensions\shaders\ftNormalizationShader.h">
			<Filter>addons\ofxFlowTools\src\extensions\shaders</Filter>
		</ClInclude>
		<ClInclude Include="..\..\..\..\..\addons\ofxFlowTools\src\extensions\shaders\ftTimeBlurShader.h">
			<Filter>addons\ofxFlowTools\src\extensions\shaders</Filter>
		</ClInclude>
		<ClInclude Include="..\..\..\..\..\addons\ofxFlowTools\src\extensions\splitvelocity\ftSplitVelocityFlow.h">
			<Filter>addons\ofxFlowTools\src\extensions\splitvelocity</Filter>
		</ClInclude>
		<ClInclude Include="..\..\..\..\..\addons\ofxFlowTools\src\extensions\splitvelocity\ftSplitVelocityShader.h">
			<Filter>addons\ofxFlowTools\src\extensions\splitvelocity</Filter>
		</ClInclude>
		<ClInclude Include="..\..\..\..\..\addons\ofxFlowTools\src\extensions\splitvelocity\ftSvFieldShader.h">
			<Filter>addons\ofxFlowTools\src\extensions\splitvelocity</Filter>
		</ClInclude>
		<ClInclude Include="..\..\..\..\..\addons\ofxFlowTools\src\extensions\splitvelocity\ftSvFromVelocity.h">
			<Filter>addons\ofxFlowTools\src\extensions\splitvelocity</Filter>
		</ClInclude>
		<ClInclude Include="..\..\..\..\..\addons\ofxFlowTools\src\extensions\splitvelocity\ftSvToScalarShader.h">
			<Filter>addons\ofxFlowTools\src\extensions\splitvelocity</Filter>
		</ClInclude>
		<ClInclude Include="..\..\..\..\..\addons\ofxFlowTools\src\extensions\splitvelocity\ftSvVisualization.h">
			<Filter>addons\ofxFlowTools\src\extensions\splitvelocity</Filter>
		</ClInclude>
		<ClInclude Include="..\..\..\..\..\addons\ofxFlowTools\src\extensions\splitvelocity\ftSvVisualizationField.h">
			<Filter>addons\ofxFlowTools\src\extensions\splitvelocity</Filter>
		</ClInclude>
		<ClInclude Include="..\..\..\..\..\addons\ofxFlowTools\src\ofxFlowTools.h">
			<Filter>addons\ofxFlowTools\src</Filter>
		</ClInclude>
		<ClInclude Include="..\..\..\..\..\addons\ofxGui\src\ofxBaseGui.h">
			<Filter>addons\ofxGui\src</Filter>
		</ClInclude>
		<ClInclude Include="..\..\..\..\..\addons\ofxGui\src\ofxButton.h">
			<Filter>addons\ofxGui\src</Filter>
		</ClInclude>
		<ClInclude Include="..\..\..\..\..\addons\ofxGui\src\ofxColorPicker.h">
			<Filter>addons\ofxGui\src</Filter>
		</ClInclude>
		<ClInclude Include="..\..\..\..\..\addons\ofxGui\src\ofxGui.h">
			<Filter>addons\ofxGui\src</Filter>
		</ClInclude>
		<ClInclude Include="..\..\..\..\..\addons\ofxGui\src\ofxGuiGroup.h">
			<Filter>addons\ofxGui\src</Filter>
		</ClInclude>
		<ClInclude Include="..\..\..\..\..\addons\ofxGui\src\ofxGuiUtils.h">
			<Filter>addons\ofxGui\src</Filter>
		</ClInclude>
		<ClInclude Include="..\..\..\..\..\addons\ofxGui\src\ofxInputField.h">
			<Filter>addons\ofxGui\src</Filter>
		</ClInclude>
		<ClInclude Include="..\..\..\..\..\addons\ofxGui\src\ofxLabel.h">
			<Filter>addons\ofxGui\src</Filter>
		</ClInclude>
		<ClInclude Include="..\..\..\..\..\addons\ofxGui\src\ofxPanel.h">
			<Filter>addons\ofxGui\src</Filter>
		</ClInclude>
		<ClInclude Include="..\..\..\..\..\addons\ofxGui\src\ofxSlider.h">
			<Filter>addons\ofxGui\src</Filter>
		</ClInclude>
		<ClInclude Include="..\..\..\..\..\addons\ofxGui\src\ofxSliderGroup.h">
			<Filter>addons\ofxGui\src</Filter>
		</ClInclude>
		<ClInclude Include="..\..\..\..\..\addons\ofxGui\src\ofxToggle.h">
			<Filter>addons\ofxGui\src</Filter>
		</ClInclude>
		<ClInclude Include="..\..\..\..\..\addons\ofxOsc\src\ofxOsc.h">
			<Filter>addons\ofxOsc\src</Filter>
		</ClInclude>
		<ClInclude Include="..\..\..\..\..\addons\ofxOsc\src\ofxOscArg.h">
			<Filter>addons\ofxOsc\src</Filter>
		</ClInclude>
		<ClInclude Include="..\..\..\..\..\addons\ofxOsc\src\ofxOscBundle.h">
			<Filter>addons\ofxOsc\src</Filter>
		</ClInclude>
		<ClInclude Include="..\..\..\..\..\addons\ofxOsc\src\ofxOscMessage.h">
			<Filter>addons\ofxOsc\src</Filter>
		</ClInclude>
		<ClInclude Include="..\..\..\..\..\addons\ofxOsc\src\ofxOscParameterSync.h">
			<Filter>addons\ofxOsc\src</Filter>
		</ClInclude>
		<ClInclude Include="..\..\..\..\..\addons\ofxOsc\src\ofxOscReceiver.h">
			<Filter>addons\ofxOsc\src</Filter>
		</ClInclude>
		<ClInclude Include="..\..\..\..\..\addons\ofxOsc\src\ofxOscSender.h">
			<Filter>addons\ofxOsc\src</Filter>
		</ClInclude>
		<ClInclude Include="..\..\..\..\..\addons\ofxOsc\libs\oscpack\src\ip\IpEndpointName.h">
			<Filter>addons\ofxOsc\libs\oscpack\src\ip</Filter>
		</ClInclude>
		<ClInclude Include="..\..\..\..\..\addons\ofxOsc\libs\oscpack\src\ip\NetworkingUtils.h">
			<Filter>addons\ofxOsc\libs\oscpack\src\ip</Filter>
		</ClInclude>
		<ClInclude Include="..\..\..\..\..\addons\ofxOsc\libs\oscpack\src\ip\PacketListener.h">
			<Filter>addons\ofxOsc\libs\oscpack\src\ip</Filter>
		</ClInclude>
		<ClInclude Include="..\..\..\..\..\addons\ofxOsc\libs\oscpack\src\ip\TimerListener.h">
			<Filter>addons\ofxOsc\libs\oscpack\src\ip</Filter>
		</ClInclude>
		<ClInclude Include="..\..\..\..\..\addons\ofxOsc\libs\oscpack\src\ip\UdpSocket.h">
			<Filter>addons\ofxOsc\libs\oscpack\src\ip</Filter>
		</ClInclude>
		<ClInclude Include="..\..\..\..\..\addons\ofxOsc\libs\oscpack\src\osc\MessageMappingOscPacketListener.h">
			<Filter>addons\ofxOsc\libs\oscpack\src\osc</Filter>
		</ClInclude>
		<ClInclude Include="..\..\..\..\..\addons\ofxOsc\libs\oscpack\src\osc\OscException.h">
			<Filter>addons\ofxOsc\libs\oscpack\src\osc</Filter>
		</ClInclude>
		<ClInclude Include="..\..\..\..\..\addons\ofxOsc\libs\oscpack\src\osc\OscHostEndianness.h">
			<Filter>addons\ofxOsc\libs\oscpack\src\osc</Filter>
		</ClInclude>
		<ClInclude Include="..\..\..\..\..\addons\ofxOsc\libs\oscpack\src\osc\OscOutboundPacketStream.h">
			<Filter>addons\ofxOsc\libs\oscpack\src\osc</Filter>
		</ClInclude>
		<ClInclude Include="..\..\..\..\..\addons\ofxOsc\libs\oscpack\src\osc\OscPacketListener.h">
			<Filter>addons\ofxOsc\libs\oscpack\src\osc</Filter>
		</ClInclude>
		<ClInclude Include="..\..\..\..\..\addons\ofxOsc\libs\oscpack\src\osc\OscPrintReceivedElements.h">
			<Filter>addons\ofxOsc\libs\oscpack\src\osc</Filter>
		</ClInclude>
		<ClInclude Include="..\..\..\..\..\addons\ofxOsc\libs\oscpack\src\osc\OscReceivedElements.h">
			<Filter>addons\ofxOsc\libs\oscpack\src\osc</Filter>
		</ClInclude>
		<ClInclude Include="..\..\..\..\..\addons\ofxOsc\libs\oscpack\src\osc\OscTypes.h">
			<Filter>addons\ofxOsc\libs\oscpack\src\osc</Filter>
		</ClInclude>
	</ItemGroup>
	<ItemGroup>
		<ResourceCompile Include="icon.rc" />
	</ItemGroup>
</Project>
